git.sr.ht/~jackmordaunt/go-notify-darwin v0.0.0-20250116010207-33951df68cd5 h1:5QPfJV6WvB2jNezkk7U7JCgX4pq6Clv0Vt507xkiCGI=
git.sr.ht/~jackmordaunt/go-notify-darwin v0.0.0-20250116010207-33951df68cd5/go.mod h1:uwWDXYGwP2PodSVTd9KU11/P7SoDAA321SmG3IQhoSY=
git.sr.ht/~jackmordaunt/go-toast/v2 v2.0.2 h1:M3TQmLqFOqH03aGbUNYffNQORTUw9S7AcY0oQU+0OQk=
git.sr.ht/~jackmordaunt/go-toast/v2 v2.0.2/go.mod h1:QtOLZGz8olr4qH2vWK0QH0w0O4T9fEIjMuWpKUsH7nc=
git.sr.ht/~whereswaldon/shout v0.0.0-20241212204820-26acea6b0007 h1:5xMwYHPm3ym1ccRmVmUEj4hiESj5uqXMYPwG+1Ruf28=
git.sr.ht/~whereswaldon/shout v0.0.0-20241212204820-26acea6b0007/go.mod h1:VJjhIIJD+YFIyJSH6nCDqoo9ikvAEaD63tUo4uI86pA=
github.com/go-ole/go-ole v1.3.0 h1:Dt6ye7+vXGIKZ7Xtk4s6/xVdGDQynvom7xCFEdWr6uE=
github.com/go-ole/go-ole v1.3.0/go.mod h1:5LS6F96DhAwUc7C+1HLexzMXY1xGRSryjyPPKW6zv78=
github.com/godbus/dbus/v5 v5.1.0 h1:4KLkAxT3aOY8Li4FRJe/KvhoNFFxo0m6fNuFUO8QJUk=
github.com/godbus/dbus/v5 v5.1.0/go.mod h1:xhWf0FNVPg57R7Z0UbKHbJfkEywrmjJnf7w5xrFpKfA=
golang.org/x/image v0.23.0 h1:HseQ7c2OpPKTPVzNjG5fwJsOTCiiwS4QdsYi5XU6H68=
golang.org/x/image v0.23.0/go.mod h1:wJJBTdLfCCf3tiHa1fNxpZmUI4mmoZvwMCPP0ddoNKY=
golang.org/x/sys v0.1.0/go.mod h1:oPkhp1MJrh7nUepCBck5+mAzfO9JrbApNNgaTdGDITg=
golang.org/x/sys v0.29.0 h1:TPYlXGxvx1MGTn2GiZDhnjPA9wZzZeGKHHmKhHYvgaU=
golang.org/x/sys v0.29.0/go.mod h1:/VUhepiaJMQUp4+oa/7Zr1D23ma6VTLIYjOOTFZPUcA=
